
Microsoft Visual Studio Solution File, Format Version 12.00
# Visual Studio Version 17
VisualStudioVersion = 17.8.34330.188
MinimumVisualStudioVersion = 10.0.40219.1
Project("{FAE04EC0-301F-11D3-BF4B-00C04F79EFBC}") = "Smart_Cities", "Smart_Cities.csproj", "{3ED93556-50AC-4BF6-96B7-E6274CD75829}"
EndProject
Global
	GlobalSection(SolutionConfigurationPlatforms) = preSolution
		Debug|Any CPU = Debug|Any CPU
		Release|Any CPU = Release|Any CPU
	EndGlobalSection
	GlobalSection(ProjectConfigurationPlatforms) = postSolution
		{3ED93556-50AC-4BF6-96B7-E6274CD75829}.Debug|Any CPU.ActiveCfg = Debug|Any CPU
		{3ED93556-50AC-4BF6-96B7-E6274CD75829}.Debug|Any CPU.Build.0 = Debug|Any CPU
		{3ED93556-50AC-4BF6-96B7-E6274CD75829}.Release|Any CPU.ActiveCfg = Release|Any CPU
		{3ED93556-50AC-4BF6-96B7-E6274CD75829}.Release|Any CPU.Build.0 = Release|Any CPU
	EndGlobalSection
	GlobalSection(SolutionProperties) = preSolution
		HideSolutionNode = FALSE
	EndGlobalSection
	GlobalSection(ExtensibilityGlobals) = postSolution
		SolutionGuid = {B2C8E866-958C-4555-A98A-042BF61B081B}
	EndGlobalSection
EndGlobal
